# Generated by: python scripts/dependencies.py render
# Profile: speech-piper-pi-trixie-py313
# Do not hand-edit; update requirements/profiles.toml and regenerate.
--require-hashes
--only-binary=:all:
flatbuffers==25.12.19 --hash=sha256:7634f50c427838bb021c2d66a3d1168e9d199b0607e6329399f04846d42e20b4
numpy==2.5.3 --hash=sha256:c76d5dde9f445058f83d0c02af00557a4db91de9a9a57c0df87d1535001d654b
onnxruntime==1.29.0 --hash=sha256:d67673c5367727860922c5262d724472f1b5539fb7ccf4c81a638f9b71719803
packaging==26.3 --hash=sha256:d7193f7c8e4e93f444fde0262bf90af30e16fa0ad0ad44cb553c87339b23cd1c
pathvalidate==3.3.1 --hash=sha256:5263baab691f8e1af96092fa5137ee17df5bdfbd6cff1fcac4d6ef4bc2e1735f
piper-tts==1.8.0 --hash=sha256:3f60c1917de6d8e8033f395878ad3f88f6dfee88a8b05f98971a275f76a38484
protobuf==7.36.1 --hash=sha256:7d951e46b3f963d6c264c367c437921de9d5aedd9c3f9612b9077736b4e3ad5c
